{
  "name": "node-elf-file",
  "version": "0.0.1",
  "lockfileVersion": 1,
  "requires": true,
  "dependencies": {
    "mjs-mocha": {
      "version": "git://github.com/k13-engineering/mjs-mocha.git#d1323d320369450b06ebe2579ae55d92d09b82d4",
      "from": "git://github.com/k13-engineering/mjs-mocha.git#master",
      "dev": true
    }
  }
}
